// !$*UTF8*$!
{
	archiveVersion = 1;
	classes = {
	};
	objectVersion = 56;
	objects = {

/* Begin PBXBuildFile section */
		3094EB792C3F860D00966620 /* FavFoodsApp.swift in Sources */ = {isa = PBXBuildFile; fileRef = 3094EB782C3F860D00966620 /* FavFoodsApp.swift */; };
		3094EB7B2C3F860D00966620 /* ContentView.swift in Sources */ = {isa = PBXBuildFile; fileRef = 3094EB7A2C3F860D00966620 /* ContentView.swift */; };
		3094EB7D2C3F860E00966620 /* Assets.xcassets in Resources */ = {isa = PBXBuildFile; fileRef = 3094EB7C2C3F860E00966620 /* Assets.xcassets */; };
		3094EB802C3F860E00966620 /* Preview Assets.xcassets in Resources */ = {isa = PBXBuildFile; fileRef = 3094EB7F2C3F860E00966620 /* Preview Assets.xcassets */; };
		3094EB8A2C3F860E00966620 /* FavFoodsTests.swift in Sources */ = {isa = PBXBuildFile; fileRef = 3094EB892C3F860E00966620 /* FavFoodsTests.swift */; };
		3094EB942C3F860E00966620 /* FavFoodsUITests.swift in Sources */ = {isa = PBXBuildFile; fileRef = 3094EB932C3F860E00966620 /* FavFoodsUITests.swift */; };
		3094EB962C3F860E00966620 /* FavFoodsUITestsLaunchTests.swift in Sources */ = {isa = PBXBuildFile; fileRef = 3094EB952C3F860E00966620 /* FavFoodsUITestsLaunchTests.swift */; };
/* End PBXBuildFile section */

/* Begin PBXContainerItemProxy section */
		3094EB862C3F860E00966620 /* PBXContainerItemProxy */ = {
			isa = PBXContainerItemProxy;
			containerPortal = 3094EB6D2C3F860D00966620 /* Project object */;
			proxyType = 1;
			remoteGlobalIDString = 3094EB742C3F860D00966620;
			remoteInfo = FavFoods;
		};
		3094EB902C3F860E00966620 /* PBXContainerItemProxy */ = {
			isa = PBXContainerItemProxy;
			containerPortal = 3094EB6D2C3F860D00966620 /* Project object */;
			proxyType = 1;
			remoteGlobalIDString = 3094EB742C3F860D00966620;
			remoteInfo = FavFoods;
		};
/* End PBXContainerItemProxy section */

/* Begin PBXFileReference section */
		3094EB752C3F860D00966620 /* FavFoods.app */ = {isa = PBXFileReference; explicitFileType = wrapper.application; includeInIndex = 0; path = FavFoods.app; sourceTree = BUILT_PRODUCTS_DIR; };
		3094EB782C3F860D00966620 /* FavFoodsApp.swift */ = {isa = PBXFileReference; lastKnownFileType = sourcecode.swift; path = FavFoodsApp.swift; sourceTree = "<group>"; };
		3094EB7A2C3F860D00966620 /* ContentView.swift */ = {isa = PBXFileReference; lastKnownFileType = sourcecode.swift; path = ContentView.swift; sourceTree = "<group>"; };
		3094EB7C2C3F860E00966620 /* Assets.xcassets */ = {isa = PBXFileReference; lastKnownFileType = folder.assetcatalog; path = Assets.xcassets; sourceTree = "<group>"; };
		3094EB7F2C3F860E00966620 /* Preview Assets.xcassets */ = {isa = PBXFileReference; lastKnownFileType = folder.assetcatalog; path = "Preview Assets.xcassets"; sourceTree = "<group>"; };
		3094EB852C3F860E00966620 /* FavFoodsTests.xctest */ = {isa = PBXFileReference; explicitFileType = wrapper.cfbundle; includeInIndex = 0; path = FavFoodsTests.xctest; sourceTree = BUILT_PRODUCTS_DIR; };
		3094EB892C3F860E00966620 /* FavFoodsTests.swift */ = {isa = PBXFileReference; lastKnownFileType = sourcecode.swift; path = FavFoodsTests.swift; sourceTree = "<group>"; };
		3094EB8F2C3F860E00966620 /* FavFoodsUITests.xctest */ = {isa = PBXFileReference; explicitFileType = wrapper.cfbundle; includeInIndex = 0; path = FavFoodsUITests.xctest; sourceTree = BUILT_PRODUCTS_DIR; };
		3094EB932C3F860E00966620 /* FavFoodsUITests.swift */ = {isa = PBXFileReference; lastKnownFileType = sourcecode.swift; path = FavFoodsUITests.swift; sourceTree = "<group>"; };
		3094EB952C3F860E00966620 /* FavFoodsUITestsLaunchTests.swift */ = {isa = PBXFileReference; lastKnownFileType = sourcecode.swift; path = FavFoodsUITestsLaunchTests.swift; sourceTree = "<group>"; };
/* End PBXFileReference section */

/* Begin PBXFrameworksBuildPhase section */
		3094EB722C3F860D00966620 /* Frameworks */ = {
			isa = PBXFrameworksBuildPhase;
			buildActionMask = 2147483647;
			files = (
			);
			runOnlyForDeploymentPostprocessing = 0;
		};
		3094EB822C3F860E00966620 /* Frameworks */ = {
			isa = PBXFrameworksBuildPhase;
			buildActionMask = 2147483647;
			files = (
			);
			runOnlyForDeploymentPostprocessing = 0;
		};
		3094EB8C2C3F860E00966620 /* Frameworks */ = {
			isa = PBXFrameworksBuildPhase;
			buildActionMask = 2147483647;
			files = (
			);
			runOnlyForDeploymentPostprocessing = 0;
		};
/* End PBXFrameworksBuildPhase section */

/* Begin PBXGroup section */
		3094EB6C2C3F860D00966620 = {
			isa = PBXGroup;
			children = (
				3094EB772C3F860D00966620 /* FavFoods */,
				3094EB882C3F860E00966620 /* FavFoodsTests */,
				3094EB922C3F860E00966620 /* FavFoodsUITests */,
				3094EB762C3F860D00966620 /* Products */,
			);
			sourceTree = "<group>";
		};
		3094EB762C3F860D00966620 /* Products */ = {
			isa = PBXGroup;
			children = (
				3094EB752C3F860D00966620 /* FavFoods.app */,
				3094EB852C3F860E00966620 /* FavFoodsTests.xctest */,
				3094EB8F2C3F860E00966620 /* FavFoodsUITests.xctest */,
			);
			name = Products;
			sourceTree = "<group>";
		};
		3094EB772C3F860D00966620 /* FavFoods */ = {
			isa = PBXGroup;
			children = (
				3094EB782C3F860D00966620 /* FavFoodsApp.swift */,
				3094EB7A2C3F860D00966620 /* ContentView.swift */,
				3094EB7C2C3F860E00966620 /* Assets.xcassets */,
				3094EB7E2C3F860E00966620 /* Preview Content */,
			);
			path = FavFoods;
			sourceTree = "<group>";
		};
		3094EB7E2C3F860E00966620 /* Preview Content */ = {
			isa = PBXGroup;
			children = (
				3094EB7F2C3F860E00966620 /* Preview Assets.xcassets */,
			);
			path = "Preview Content";
			sourceTree = "<group>";
		};
		3094EB882C3F860E00966620 /* FavFoodsTests */ = {
			isa = PBXGroup;
			children = (
				3094EB892C3F860E00966620 /* FavFoodsTests.swift */,
			);
			path = FavFoodsTests;
			sourceTree = "<group>";
		};
		3094EB922C3F860E00966620 /* FavFoodsUITests */ = {
			isa = PBXGroup;
			children = (
				3094EB932C3F860E00966620 /* FavFoodsUITests.swift */,
				3094EB952C3F860E00966620 /* FavFoodsUITestsLaunchTests.swift */,
			);
			path = FavFoodsUITests;
			sourceTree = "<group>";
		};
/* End PBXGroup section */

/* Begin PBXNativeTarget section */
		3094EB742C3F860D00966620 /* FavFoods */ = {
			isa = PBXNativeTarget;
			buildConfigurationList = 3094EB992C3F860E00966620 /* Build configuration list for PBXNativeTarget "FavFoods" */;
			buildPhases = (
				3094EB712C3F860D00966620 /* Sources */,
				3094EB722C3F860D00966620 /* Frameworks */,
				3094EB732C3F860D00966620 /* Resources */,
			);
			buildRules = (
			);
			dependencies = (
			);
			name = FavFoods;
			productName = FavFoods;
			productReference = 3094EB752C3F860D00966620 /* FavFoods.app */;
			productType = "com.apple.product-type.application";
		};
		3094EB842C3F860E00966620 /* FavFoodsTests */ = {
			isa = PBXNativeTarget;
			buildConfigurationList = 3094EB9C2C3F860E00966620 /* Build configuration list for PBXNativeTarget "FavFoodsTests" */;
			buildPhases = (
				3094EB812C3F860E00966620 /* Sources */,
				3094EB822C3F860E00966620 /* Frameworks */,
				3094EB832C3F860E00966620 /* Resources */,
			);
			buildRules = (
			);
			dependencies = (
				3094EB872C3F860E00966620 /* PBXTargetDependency */,
			);
			name = FavFoodsTests;
			productName = FavFoodsTests;
			productReference = 3094EB852C3F860E00966620 /* FavFoodsTests.xctest */;
			productType = "com.apple.product-type.bundle.unit-test";
		};
		3094EB8E2C3F860E00966620 /* FavFoodsUITests */ = {
			isa = PBXNativeTarget;
			buildConfigurationList = 3094EB9F2C3F860E00966620 /* Build configuration list for PBXNativeTarget "FavFoodsUITests" */;
			buildPhases = (
				3094EB8B2C3F860E00966620 /* Sources */,
				3094EB8C2C3F860E00966620 /* Frameworks */,
				3094EB8D2C3F860E00966620 /* Resources */,
			);
			buildRules = (
			);
			dependencies = (
				3094EB912C3F860E00966620 /* PBXTargetDependency */,
			);
			name = FavFoodsUITests;
			productName = FavFoodsUITests;
			productReference = 3094EB8F2C3F860E00966620 /* FavFoodsUITests.xctest */;
			productType = "com.apple.product-type.bundle.ui-testing";
		};
/* End PBXNativeTarget section */

/* Begin PBXProject section */
		3094EB6D2C3F860D00966620 /* Project object */ = {
			isa = PBXProject;
			attributes = {
				BuildIndependentTargetsInParallel = 1;
				LastSwiftUpdateCheck = 1540;
				LastUpgradeCheck = 1540;
				TargetAttributes = {
					3094EB742C3F860D00966620 = {
						CreatedOnToolsVersion = 15.4;
					};
					3094EB842C3F860E00966620 = {
						CreatedOnToolsVersion = 15.4;
						TestTargetID = 3094EB742C3F860D00966620;
					};
					3094EB8E2C3F860E00966620 = {
						CreatedOnToolsVersion = 15.4;
						TestTargetID = 3094EB742C3F860D00966620;
					};
				};
			};
			buildConfigurationList = 3094EB702C3F860D00966620 /* Build configuration list for PBXProject "FavFoods" */;
			compatibilityVersion = "Xcode 14.0";
			developmentRegion = en;
			hasScannedForEncodings = 0;
			knownRegions = (
				en,
				Base,
			);
			mainGroup = 3094EB6C2C3F860D00966620;
			productRefGroup = 3094EB762C3F860D00966620 /* Products */;
			projectDirPath = "";
			projectRoot = "";
			targets = (
				3094EB742C3F860D00966620 /* FavFoods */,
				3094EB842C3F860E00966620 /* FavFoodsTests */,
				3094EB8E2C3F860E00966620 /* FavFoodsUITests */,
			);
		};
/* End PBXProject section */

/* Begin PBXResourcesBuildPhase section */
		3094EB732C3F860D00966620 /* Resources */ = {
			isa = PBXResourcesBuildPhase;
			buildActionMask = 2147483647;
			files = (
				3094EB802C3F860E00966620 /* Preview Assets.xcassets in Resources */,
				3094EB7D2C3F860E00966620 /* Assets.xcassets in Resources */,
			);
			runOnlyForDeploymentPostprocessing = 0;
		};
		3094EB832C3F860E00966620 /* Resources */ = {
			isa = PBXResourcesBuildPhase;
			buildActionMask = 2147483647;
			files = (
			);
			runOnlyForDeploymentPostprocessing = 0;
		};
		3094EB8D2C3F860E00966620 /* Resources */ = {
			isa = PBXResourcesBuildPhase;
			buildActionMask = 2147483647;
			files = (
			);
			runOnlyForDeploymentPostprocessing = 0;
		};
/* End PBXResourcesBuildPhase section */

/* Begin PBXSourcesBuildPhase section */
		3094EB712C3F860D00966620 /* Sources */ = {
			isa = PBXSourcesBuildPhase;
			buildActionMask = 2147483647;
			files = (
				3094EB7B2C3F860D00966620 /* ContentView.swift in Sources */,
				3094EB792C3F860D00966620 /* FavFoodsApp.swift in Sources */,
			);
			runOnlyForDeploymentPostprocessing = 0;
		};
		3094EB812C3F860E00966620 /* Sources */ = {
			isa = PBXSourcesBuildPhase;
			buildActionMask = 2147483647;
			files = (
				3094EB8A2C3F860E00966620 /* FavFoodsTests.swift in Sources */,
			);
			runOnlyForDeploymentPostprocessing = 0;
		};
		3094EB8B2C3F860E00966620 /* Sources */ = {
			isa = PBXSourcesBuildPhase;
			buildActionMask = 2147483647;
			files = (
				3094EB962C3F860E00966620 /* FavFoodsUITestsLaunchTests.swift in Sources */,
				3094EB942C3F860E00966620 /* FavFoodsUITests.swift in Sources */,
			);
			runOnlyForDeploymentPostprocessing = 0;
		};
/* End PBXSourcesBuildPhase section */

/* Begin PBXTargetDependency section */
		3094EB872C3F860E00966620 /* PBXTargetDependency */ = {
			isa = PBXTargetDependency;
			target = 3094EB742C3F860D00966620 /* FavFoods */;
			targetProxy = 3094EB862C3F860E00966620 /* PBXContainerItemProxy */;
		};
		3094EB912C3F860E00966620 /* PBXTargetDependency */ = {
			isa = PBXTargetDependency;
			target = 3094EB742C3F860D00966620 /* FavFoods */;
			targetProxy = 3094EB902C3F860E00966620 /* PBXContainerItemProxy */;
		};
/* End PBXTargetDependency section */

/* Begin XCBuildConfiguration section */
		3094EB972C3F860E00966620 /* Debug */ = {
			isa = XCBuildConfiguration;
			buildSettings = {
				ALWAYS_SEARCH_USER_PATHS = NO;
				ASSETCATALOG_COMPILER_GENERATE_SWIFT_ASSET_SYMBOL_EXTENSIONS = YES;
				CLANG_ANALYZER_NONNULL = YES;
				CLANG_ANALYZER_NUMBER_OBJECT_CONVERSION = YES_AGGRESSIVE;
				CLANG_CXX_LANGUAGE_STANDARD = "gnu++20";
				CLANG_ENABLE_MODULES = YES;
				CLANG_ENABLE_OBJC_ARC = YES;
				CLANG_ENABLE_OBJC_WEAK = YES;
				CLANG_WARN_BLOCK_CAPTURE_AUTORELEASING = YES;
				CLANG_WARN_BOOL_CONVERSION = YES;
				CLANG_WARN_COMMA = YES;
				CLANG_WARN_CONSTANT_CONVERSION = YES;
				CLANG_WARN_DEPRECATED_OBJC_IMPLEMENTATIONS = YES;
				CLANG_WARN_DIRECT_OBJC_ISA_USAGE = YES_ERROR;
				CLANG_WARN_DOCUMENTATION_COMMENTS = YES;
				CLANG_WARN_EMPTY_BODY = YES;
				CLANG_WARN_ENUM_CONVERSION = YES;
				CLANG_WARN_INFINITE_RECURSION = YES;
				CLANG_WARN_INT_CONVERSION = YES;
				CLANG_WARN_NON_LITERAL_NULL_CONVERSION = YES;
				CLANG_WARN_OBJC_IMPLICIT_RETAIN_SELF = YES;
				CLANG_WARN_OBJC_LITERAL_CONVERSION = YES;
				CLANG_WARN_OBJC_ROOT_CLASS = YES_ERROR;
				CLANG_WARN_QUOTED_INCLUDE_IN_FRAMEWORK_HEADER = YES;
				CLANG_WARN_RANGE_LOOP_ANALYSIS = YES;
				CLANG_WARN_STRICT_PROTOTYPES = YES;
				CLANG_WARN_SUSPICIOUS_MOVE = YES;
				CLANG_WARN_UNGUARDED_AVAILABILITY = YES_AGGRESSIVE;
				CLANG_WARN_UNREACHABLE_CODE = YES;
				CLANG_WARN__DUPLICATE_METHOD_MATCH = YES;
				COPY_PHASE_STRIP = NO;
				DEBUG_INFORMATION_FORMAT = dwarf;
				ENABLE_STRICT_OBJC_MSGSEND = YES;
				ENABLE_TESTABILITY = YES;
				ENABLE_USER_SCRIPT_SANDBOXING = YES;
				GCC_C_LANGUAGE_STANDARD = gnu17;
				GCC_DYNAMIC_NO_PIC = NO;
				GCC_NO_COMMON_BLOCKS = YES;
				GCC_OPTIMIZATION_LEVEL = 0;
				GCC_PREPROCESSOR_DEFINITIONS = (
					"DEBUG=1",
					"$(inherited)",
				);
				GCC_WARN_64_TO_32_BIT_CONVERSION = YES;
				GCC_WARN_ABOUT_RETURN_TYPE = YES_ERROR;
				GCC_WARN_UNDECLARED_SELECTOR = YES;
				GCC_WARN_UNINITIALIZED_AUTOS = YES_AGGRESSIVE;
				GCC_WARN_UNUSED_FUNCTION = YES;
				GCC_WARN_UNUSED_VARIABLE = YES;
				IPHONEOS_DEPLOYMENT_TARGET = 17.5;
				LOCALIZATION_PREFERS_STRING_CATALOGS = YES;
				MTL_ENABLE_DEBUG_INFO = INCLUDE_SOURCE;
				MTL_FAST_MATH = YES;
				ONLY_ACTIVE_ARCH = YES;
				SDKROOT = iphoneos;
				SWIFT_ACTIVE_COMPILATION_CONDITIONS = "DEBUG $(inherited)";
				SWIFT_OPTIMIZATION_LEVEL = "-Onone";
			};
			name = Debug;
		};
		3094EB982C3F860E00966620 /* Release */ = {
			isa = XCBuildConfiguration;
			buildSettings = {
				ALWAYS_SEARCH_USER_PATHS = NO;
				ASSETCATALOG_COMPILER_GENERATE_SWIFT_ASSET_SYMBOL_EXTENSIONS = YES;
				CLANG_ANALYZER_NONNULL = YES;
				CLANG_ANALYZER_NUMBER_OBJECT_CONVERSION = YES_AGGRESSIVE;
				CLANG_CXX_LANGUAGE_STANDARD = "gnu++20";
				CLANG_ENABLE_MODULES = YES;
				CLANG_ENABLE_OBJC_ARC = YES;
				CLANG_ENABLE_OBJC_WEAK = YES;
				CLANG_WARN_BLOCK_CAPTURE_AUTORELEASING = YES;
				CLANG_WARN_BOOL_CONVERSION = YES;
				CLANG_WARN_COMMA = YES;
				CLANG_WARN_CONSTANT_CONVERSION = YES;
				CLANG_WARN_DEPRECATED_OBJC_IMPLEMENTATIONS = YES;
				CLANG_WARN_DIRECT_OBJC_ISA_USAGE = YES_ERROR;
				CLANG_WARN_DOCUMENTATION_COMMENTS = YES;
				CLANG_WARN_EMPTY_BODY = YES;
				CLANG_WARN_ENUM_CONVERSION = YES;
				CLANG_WARN_INFINITE_RECURSION = YES;
				CLANG_WARN_INT_CONVERSION = YES;
				CLANG_WARN_NON_LITERAL_NULL_CONVERSION = YES;
				CLANG_WARN_OBJC_IMPLICIT_RETAIN_SELF = YES;
				CLANG_WARN_OBJC_LITERAL_CONVERSION = YES;
				CLANG_WARN_OBJC_ROOT_CLASS = YES_ERROR;
				CLANG_WARN_QUOTED_INCLUDE_IN_FRAMEWORK_HEADER = YES;
				CLANG_WARN_RANGE_LOOP_ANALYSIS = YES;
				CLANG_WARN_STRICT_PROTOTYPES = YES;
				CLANG_WARN_SUSPICIOUS_MOVE = YES;
				CLANG_WARN_UNGUARDED_AVAILABILITY = YES_AGGRESSIVE;
				CLANG_WARN_UNREACHABLE_CODE = YES;
				CLANG_WARN__DUPLICATE_METHOD_MATCH = YES;
				COPY_PHASE_STRIP = NO;
				DEBUG_INFORMATION_FORMAT = "dwarf-with-dsym";
				ENABLE_NS_ASSERTIONS = NO;
				ENABLE_STRICT_OBJC_MSGSEND = YES;
				ENABLE_USER_SCRIPT_SANDBOXING = YES;
				GCC_C_LANGUAGE_STANDARD = gnu17;
				GCC_NO_COMMON_BLOCKS = YES;
				GCC_WARN_64_TO_32_BIT_CONVERSION = YES;
				GCC_WARN_ABOUT_RETURN_TYPE = YES_ERROR;
				GCC_WARN_UNDECLARED_SELECTOR = YES;
				GCC_WARN_UNINITIALIZED_AUTOS = YES_AGGRESSIVE;
				GCC_WARN_UNUSED_FUNCTION = YES;
				GCC_WARN_UNUSED_VARIABLE = YES;
				IPHONEOS_DEPLOYMENT_TARGET = 17.5;
				LOCALIZATION_PREFERS_STRING_CATALOGS = YES;
				MTL_ENABLE_DEBUG_INFO = NO;
				MTL_FAST_MATH = YES;
				SDKROOT = iphoneos;
				SWIFT_COMPILATION_MODE = wholemodule;
				VALIDATE_PRODUCT = YES;
			};
			name = Release;
		};
		3094EB9A2C3F860E00966620 /* Debug */ = {
			isa = XCBuildConfiguration;
			buildSettings = {
				ASSETCATALOG_COMPILER_APPICON_NAME = AppIcon;
				ASSETCATALOG_COMPILER_GLOBAL_ACCENT_COLOR_NAME = AccentColor;
				CODE_SIGN_STYLE = Automatic;
				CURRENT_PROJECT_VERSION = 1;
				DEVELOPMENT_ASSET_PATHS = "\"FavFoods/Preview Content\"";
				ENABLE_PREVIEWS = YES;
				GENERATE_INFOPLIST_FILE = YES;
				INFOPLIST_KEY_UIApplicationSceneManifest_Generation = YES;
				INFOPLIST_KEY_UIApplicationSupportsIndirectInputEvents = YES;
				INFOPLIST_KEY_UILaunchScreen_Generation = YES;
				INFOPLIST_KEY_UISupportedInterfaceOrientations_iPad = "UIInterfaceOrientationPortrait UIInterfaceOrientationPortraitUpsideDown UIInterfaceOrientationLandscapeLeft UIInterfaceOrientationLandscapeRight";
				INFOPLIST_KEY_UISupportedInterfaceOrientations_iPhone = "UIInterfaceOrientationPortrait UIInterfaceOrientationLandscapeLeft UIInterfaceOrientationLandscapeRight";
				LD_RUNPATH_SEARCH_PATHS = (
					"$(inherited)",
					"@executable_path/Frameworks",
				);
				MARKETING_VERSION = 1.0;
				PRODUCT_BUNDLE_IDENTIFIER = kapsburpitsbur.FavFoods;
				PRODUCT_NAME = "$(TARGET_NAME)";
				SWIFT_EMIT_LOC_STRINGS = YES;
				SWIFT_VERSION = 5.0;
				TARGETED_DEVICE_FAMILY = "1,2";
			};
			name = Debug;
		};
		3094EB9B2C3F860E00966620 /* Release */ = {
			isa = XCBuildConfiguration;
			buildSettings = {
				ASSETCATALOG_COMPILER_APPICON_NAME = AppIcon;
				ASSETCATALOG_COMPILER_GLOBAL_ACCENT_COLOR_NAME = AccentColor;
				CODE_SIGN_STYLE = Automatic;
				CURRENT_PROJECT_VERSION = 1;
				DEVELOPMENT_ASSET_PATHS = "\"FavFoods/Preview Content\"";
				ENABLE_PREVIEWS = YES;
				GENERATE_INFOPLIST_FILE = YES;
				INFOPLIST_KEY_UIApplicationSceneManifest_Generation = YES;
				INFOPLIST_KEY_UIApplicationSupportsIndirectInputEvents = YES;
				INFOPLIST_KEY_UILaunchScreen_Generation = YES;
				INFOPLIST_KEY_UISupportedInterfaceOrientations_iPad = "UIInterfaceOrientationPortrait UIInterfaceOrientationPortraitUpsideDown UIInterfaceOrientationLandscapeLeft UIInterfaceOrientationLandscapeRight";
				INFOPLIST_KEY_UISupportedInterfaceOrientations_iPhone = "UIInterfaceOrientationPortrait UIInterfaceOrientationLandscapeLeft UIInterfaceOrientationLandscapeRight";
				LD_RUNPATH_SEARCH_PATHS = (
					"$(inherited)",
					"@executable_path/Frameworks",
				);
				MARKETING_VERSION = 1.0;
				PRODUCT_BUNDLE_IDENTIFIER = kapsburpitsbur.FavFoods;
				PRODUCT_NAME = "$(TARGET_NAME)";
				SWIFT_EMIT_LOC_STRINGS = YES;
				SWIFT_VERSION = 5.0;
				TARGETED_DEVICE_FAMILY = "1,2";
			};
			name = Release;
		};
		3094EB9D2C3F860E00966620 /* Debug */ = {
			isa = XCBuildConfiguration;
			buildSettings = {
				ALWAYS_EMBED_SWIFT_STANDARD_LIBRARIES = YES;
				BUNDLE_LOADER = "$(TEST_HOST)";
				CODE_SIGN_STYLE = Automatic;
				CURRENT_PROJECT_VERSION = 1;
				GENERATE_INFOPLIST_FILE = YES;
				IPHONEOS_DEPLOYMENT_TARGET = 17.5;
				MARKETING_VERSION = 1.0;
				PRODUCT_BUNDLE_IDENTIFIER = kapsburpitsbur.FavFoodsTests;
				PRODUCT_NAME = "$(TARGET_NAME)";
				SWIFT_EMIT_LOC_STRINGS = NO;
				SWIFT_VERSION = 5.0;
				TARGETED_DEVICE_FAMILY = "1,2";
				TEST_HOST = "$(BUILT_PRODUCTS_DIR)/FavFoods.app/$(BUNDLE_EXECUTABLE_FOLDER_PATH)/FavFoods";
			};
			name = Debug;
		};
		3094EB9E2C3F860E00966620 /* Release */ = {
			isa = XCBuildConfiguration;
			buildSettings = {
				ALWAYS_EMBED_SWIFT_STANDARD_LIBRARIES = YES;
				BUNDLE_LOADER = "$(TEST_HOST)";
				CODE_SIGN_STYLE = Automatic;
				CURRENT_PROJECT_VERSION = 1;
				GENERATE_INFOPLIST_FILE = YES;
				IPHONEOS_DEPLOYMENT_TARGET = 17.5;
				MARKETING_VERSION = 1.0;
				PRODUCT_BUNDLE_IDENTIFIER = kapsburpitsbur.FavFoodsTests;
				PRODUCT_NAME = "$(TARGET_NAME)";
				SWIFT_EMIT_LOC_STRINGS = NO;
				SWIFT_VERSION = 5.0;
				TARGETED_DEVICE_FAMILY = "1,2";
				TEST_HOST = "$(BUILT_PRODUCTS_DIR)/FavFoods.app/$(BUNDLE_EXECUTABLE_FOLDER_PATH)/FavFoods";
			};
			name = Release;
		};
		3094EBA02C3F860E00966620 /* Debug */ = {
			isa = XCBuildConfiguration;
			buildSettings = {
				ALWAYS_EMBED_SWIFT_STANDARD_LIBRARIES = YES;
				CODE_SIGN_STYLE = Automatic;
				CURRENT_PROJECT_VERSION = 1;
				GENERATE_INFOPLIST_FILE = YES;
				MARKETING_VERSION = 1.0;
				PRODUCT_BUNDLE_IDENTIFIER = kapsburpitsbur.FavFoodsUITests;
				PRODUCT_NAME = "$(TARGET_NAME)";
				SWIFT_EMIT_LOC_STRINGS = NO;
				SWIFT_VERSION = 5.0;
				TARGETED_DEVICE_FAMILY = "1,2";
				TEST_TARGET_NAME = FavFoods;
			};
			name = Debug;
		};
		3094EBA12C3F860E00966620 /* Release */ = {
			isa = XCBuildConfiguration;
			buildSettings = {
				ALWAYS_EMBED_SWIFT_STANDARD_LIBRARIES = YES;
				CODE_SIGN_STYLE = Automatic;
				CURRENT_PROJECT_VERSION = 1;
				GENERATE_INFOPLIST_FILE = YES;
				MARKETING_VERSION = 1.0;
				PRODUCT_BUNDLE_IDENTIFIER = kapsburpitsbur.FavFoodsUITests;
				PRODUCT_NAME = "$(TARGET_NAME)";
				SWIFT_EMIT_LOC_STRINGS = NO;
				SWIFT_VERSION = 5.0;
				TARGETED_DEVICE_FAMILY = "1,2";
				TEST_TARGET_NAME = FavFoods;
			};
			name = Release;
		};
/* End XCBuildConfiguration section */

/* Begin XCConfigurationList section */
		3094EB702C3F860D00966620 /* Build configuration list for PBXProject "FavFoods" */ = {
			isa = XCConfigurationList;
			buildConfigurations = (
				3094EB972C3F860E00966620 /* Debug */,
				3094EB982C3F860E00966620 /* Release */,
			);
			defaultConfigurationIsVisible = 0;
			defaultConfigurationName = Release;
		};
		3094EB992C3F860E00966620 /* Build configuration list for PBXNativeTarget "FavFoods" */ = {
			isa = XCConfigurationList;
			buildConfigurations = (
				3094EB9A2C3F860E00966620 /* Debug */,
				3094EB9B2C3F860E00966620 /* Release */,
			);
			defaultConfigurationIsVisible = 0;
			defaultConfigurationName = Release;
		};
		3094EB9C2C3F860E00966620 /* Build configuration list for PBXNativeTarget "FavFoodsTests" */ = {
			isa = XCConfigurationList;
			buildConfigurations = (
				3094EB9D2C3F860E00966620 /* Debug */,
				3094EB9E2C3F860E00966620 /* Release */,
			);
			defaultConfigurationIsVisible = 0;
			defaultConfigurationName = Release;
		};
		3094EB9F2C3F860E00966620 /* Build configuration list for PBXNativeTarget "FavFoodsUITests" */ = {
			isa = XCConfigurationList;
			buildConfigurations = (
				3094EBA02C3F860E00966620 /* Debug */,
				3094EBA12C3F860E00966620 /* Release */,
			);
			defaultConfigurationIsVisible = 0;
			defaultConfigurationName = Release;
		};
/* End XCConfigurationList section */
	};
	rootObject = 3094EB6D2C3F860D00966620 /* Project object */;
}
